
Microsoft Visual Studio Solution File, Format Version 12.00
# Visual Studio 14
VisualStudioVersion = 14.0.22823.1
MinimumVisualStudioVersion = 10.0.40219.1
Project("{8BC9CEB8-8B4A-11D0-8D11-00A0C91BC942}") = "gx", "src\gx.vcxproj", "{1630C2CD-8A9D-4FB6-A54B-ED164DEC0F21}"
	ProjectSection(ProjectDependencies) = postProject
		{1630C0CD-099D-4FB6-A57B-CD164DEC0FB2} = {1630C0CD-099D-4FB6-A57B-CD164DEC0FB2}
		{1298C6EE-439E-48C4-9710-FD145353CEDC} = {1298C6EE-439E-48C4-9710-FD145353CEDC}
	EndProjectSection
EndProject
Project("{8BC9CEB8-8B4A-11D0-8D11-00A0C91BC942}") = "libgroestlcoin", "..\libgroestlcoin\src\libgroestlcoin.vcxproj", "{1630C0CD-099D-4FB6-A57B-CD164DEC0FB2}"
EndProject
Project("{8BC9CEB8-8B4A-11D0-8D11-00A0C91BC942}") = "czmq", "foreign\zmq\czmq\czmq.vcxproj", "{1298C6EE-439E-48C4-9710-FD145353CEDC}"
EndProject
Global
	GlobalSection(SolutionConfigurationPlatforms) = preSolution
		D_St|x64 = D_St|x64
		D_St|x86 = D_St|x86
		Debug|x64 = Debug|x64
		Debug|x86 = Debug|x86
		R_St|x64 = R_St|x64
		R_St|x86 = R_St|x86
		Release|x64 = Release|x64
		Release|x86 = Release|x86
	EndGlobalSection
	GlobalSection(ProjectConfigurationPlatforms) = postSolution
		{1630C2CD-8A9D-4FB6-A54B-ED164DEC0F21}.D_St|x64.ActiveCfg = D_St|x64
		{1630C2CD-8A9D-4FB6-A54B-ED164DEC0F21}.D_St|x64.Build.0 = D_St|x64
		{1630C2CD-8A9D-4FB6-A54B-ED164DEC0F21}.D_St|x86.ActiveCfg = D_St|Win32
		{1630C2CD-8A9D-4FB6-A54B-ED164DEC0F21}.D_St|x86.Build.0 = D_St|Win32
		{1630C2CD-8A9D-4FB6-A54B-ED164DEC0F21}.Debug|x64.ActiveCfg = D_St|x64
		{1630C2CD-8A9D-4FB6-A54B-ED164DEC0F21}.Debug|x64.Build.0 = D_St|x64
		{1630C2CD-8A9D-4FB6-A54B-ED164DEC0F21}.Debug|x86.ActiveCfg = D_St|Win32
		{1630C2CD-8A9D-4FB6-A54B-ED164DEC0F21}.Debug|x86.Build.0 = D_St|Win32
		{1630C2CD-8A9D-4FB6-A54B-ED164DEC0F21}.R_St|x64.ActiveCfg = R_St|x64
		{1630C2CD-8A9D-4FB6-A54B-ED164DEC0F21}.R_St|x64.Build.0 = R_St|x64
		{1630C2CD-8A9D-4FB6-A54B-ED164DEC0F21}.R_St|x86.ActiveCfg = R_St|Win32
		{1630C2CD-8A9D-4FB6-A54B-ED164DEC0F21}.R_St|x86.Build.0 = R_St|Win32
		{1630C2CD-8A9D-4FB6-A54B-ED164DEC0F21}.Release|x64.ActiveCfg = R_St|x64
		{1630C2CD-8A9D-4FB6-A54B-ED164DEC0F21}.Release|x64.Build.0 = R_St|x64
		{1630C2CD-8A9D-4FB6-A54B-ED164DEC0F21}.Release|x86.ActiveCfg = R_St|Win32
		{1630C2CD-8A9D-4FB6-A54B-ED164DEC0F21}.Release|x86.Build.0 = R_St|Win32
		{1630C0CD-099D-4FB6-A57B-CD164DEC0FB2}.D_St|x64.ActiveCfg = D_St|x64
		{1630C0CD-099D-4FB6-A57B-CD164DEC0FB2}.D_St|x64.Build.0 = D_St|x64
		{1630C0CD-099D-4FB6-A57B-CD164DEC0FB2}.D_St|x86.ActiveCfg = D_St|Win32
		{1630C0CD-099D-4FB6-A57B-CD164DEC0FB2}.D_St|x86.Build.0 = D_St|Win32
		{1630C0CD-099D-4FB6-A57B-CD164DEC0FB2}.Debug|x64.ActiveCfg = D_St|x64
		{1630C0CD-099D-4FB6-A57B-CD164DEC0FB2}.Debug|x64.Build.0 = D_St|x64
		{1630C0CD-099D-4FB6-A57B-CD164DEC0FB2}.Debug|x86.ActiveCfg = D_St|Win32
		{1630C0CD-099D-4FB6-A57B-CD164DEC0FB2}.Debug|x86.Build.0 = D_St|Win32
		{1630C0CD-099D-4FB6-A57B-CD164DEC0FB2}.R_St|x64.ActiveCfg = R_St|x64
		{1630C0CD-099D-4FB6-A57B-CD164DEC0FB2}.R_St|x64.Build.0 = R_St|x64
		{1630C0CD-099D-4FB6-A57B-CD164DEC0FB2}.R_St|x86.ActiveCfg = R_St|Win32
		{1630C0CD-099D-4FB6-A57B-CD164DEC0FB2}.R_St|x86.Build.0 = R_St|Win32
		{1630C0CD-099D-4FB6-A57B-CD164DEC0FB2}.Release|x64.ActiveCfg = R_St|x64
		{1630C0CD-099D-4FB6-A57B-CD164DEC0FB2}.Release|x64.Build.0 = R_St|x64
		{1630C0CD-099D-4FB6-A57B-CD164DEC0FB2}.Release|x86.ActiveCfg = R_St|Win32
		{1630C0CD-099D-4FB6-A57B-CD164DEC0FB2}.Release|x86.Build.0 = R_St|Win32
		{1298C6EE-439E-48C4-9710-FD145353CEDC}.D_St|x64.ActiveCfg = D_St|x64
		{1298C6EE-439E-48C4-9710-FD145353CEDC}.D_St|x64.Build.0 = D_St|x64
		{1298C6EE-439E-48C4-9710-FD145353CEDC}.D_St|x86.ActiveCfg = D_St|Win32
		{1298C6EE-439E-48C4-9710-FD145353CEDC}.D_St|x86.Build.0 = D_St|Win32
		{1298C6EE-439E-48C4-9710-FD145353CEDC}.Debug|x64.ActiveCfg = Debug|x64
		{1298C6EE-439E-48C4-9710-FD145353CEDC}.Debug|x64.Build.0 = Debug|x64
		{1298C6EE-439E-48C4-9710-FD145353CEDC}.Debug|x86.ActiveCfg = Debug|Win32
		{1298C6EE-439E-48C4-9710-FD145353CEDC}.Debug|x86.Build.0 = Debug|Win32
		{1298C6EE-439E-48C4-9710-FD145353CEDC}.R_St|x64.ActiveCfg = R_St|x64
		{1298C6EE-439E-48C4-9710-FD145353CEDC}.R_St|x64.Build.0 = R_St|x64
		{1298C6EE-439E-48C4-9710-FD145353CEDC}.R_St|x86.ActiveCfg = R_St|Win32
		{1298C6EE-439E-48C4-9710-FD145353CEDC}.R_St|x86.Build.0 = R_St|Win32
		{1298C6EE-439E-48C4-9710-FD145353CEDC}.Release|x64.ActiveCfg = Release|x64
		{1298C6EE-439E-48C4-9710-FD145353CEDC}.Release|x64.Build.0 = Release|x64
		{1298C6EE-439E-48C4-9710-FD145353CEDC}.Release|x86.ActiveCfg = Release|Win32
		{1298C6EE-439E-48C4-9710-FD145353CEDC}.Release|x86.Build.0 = Release|Win32
	EndGlobalSection
	GlobalSection(SolutionProperties) = preSolution
		HideSolutionNode = FALSE
	EndGlobalSection
EndGlobal
