<?xml version="1.0" encoding="utf-8"?>
<Project ToolsVersion="4.0" xmlns="http://schemas.microsoft.com/developer/msbuild/2003">
  <ItemGroup>
    <Filter Include="Source Files">
      <UniqueIdentifier>{4FC737F1-C7A5-4376-A066-2A32D752A2FF}</UniqueIdentifier>
      <Extensions>cpp;c;cc;cxx;def;odl;idl;hpj;bat;asm;asmx</Extensions>
    </Filter>
    <Filter Include="Header Files">
      <UniqueIdentifier>{a6c77ede-7ac0-4f25-b7c3-1ea952565079}</UniqueIdentifier>
    </Filter>
    <Filter Include="Source Files\primitives">
      <UniqueIdentifier>{cf1a920e-8203-4266-ba1a-d98c795bdd4c}</UniqueIdentifier>
    </Filter>
    <Filter Include="Source Files\commands">
      <UniqueIdentifier>{9ce52264-9700-4c7b-93e5-9bd478d890cb}</UniqueIdentifier>
    </Filter>
    <Filter Include="Source Files\client">
      <UniqueIdentifier>{06496902-abe9-4d55-bb2a-86292982656c}</UniqueIdentifier>
    </Filter>
    <Filter Include="Source Files\client\obelisk">
      <UniqueIdentifier>{35b4a822-435d-4b3d-9376-5cab0feb2912}</UniqueIdentifier>
    </Filter>
    <Filter Include="Header Files\explorer">
      <UniqueIdentifier>{3a80ba0b-27a2-4d46-98f4-62b1e5bdb3c8}</UniqueIdentifier>
    </Filter>
    <Filter Include="Header Files\explorer\primitives">
      <UniqueIdentifier>{9ea04cb1-712a-49ae-adaa-8b692d24bac4}</UniqueIdentifier>
    </Filter>
    <Filter Include="Header Files\explorer\commands">
      <UniqueIdentifier>{04e8ca51-1257-4867-830b-f18897fd1505}</UniqueIdentifier>
    </Filter>
    <Filter Include="Header Files\client">
      <UniqueIdentifier>{43c3dcb5-33d2-4bff-8e9c-322b60f5ca16}</UniqueIdentifier>
    </Filter>
    <Filter Include="Header Files\client\obelisk">
      <UniqueIdentifier>{5bed854d-a14a-4a60-9eee-fa60fcd81449}</UniqueIdentifier>
    </Filter>
    <Filter Include="Header Files\explorer\impl">
      <UniqueIdentifier>{02300131-eca9-4bdc-804f-dca03177fa97}</UniqueIdentifier>
    </Filter>
  </ItemGroup>
  <ItemGroup>
    <ClCompile Include="console\main.cpp">
      <Filter>Source Files</Filter>
    </ClCompile>
    <ClCompile Include="dispatch.cpp">
      <Filter>Source Files</Filter>
    </ClCompile>
    <ClCompile Include="display.cpp">
      <Filter>Source Files</Filter>
    </ClCompile>
    <ClCompile Include="generated.cpp">
      <Filter>Source Files</Filter>
    </ClCompile>
    <ClCompile Include="primitives\address.cpp">
      <Filter>Source Files\primitives</Filter>
    </ClCompile>
    <ClCompile Include="primitives\base2.cpp">
      <Filter>Source Files\primitives</Filter>
    </ClCompile>
    <ClCompile Include="primitives\base16.cpp">
      <Filter>Source Files\primitives</Filter>
    </ClCompile>
    <ClCompile Include="primitives\base58.cpp">
      <Filter>Source Files\primitives</Filter>
    </ClCompile>
    <ClCompile Include="primitives\base64.cpp">
      <Filter>Source Files\primitives</Filter>
    </ClCompile>
    <ClCompile Include="primitives\base85.cpp">
      <Filter>Source Files\primitives</Filter>
    </ClCompile>
    <ClCompile Include="primitives\btc.cpp">
      <Filter>Source Files\primitives</Filter>
    </ClCompile>
    <ClCompile Include="primitives\btc160.cpp">
      <Filter>Source Files\primitives</Filter>
    </ClCompile>
    <ClCompile Include="primitives\btc256.cpp">
      <Filter>Source Files\primitives</Filter>
    </ClCompile>
    <ClCompile Include="primitives\byte.cpp">
      <Filter>Source Files\primitives</Filter>
    </ClCompile>
    <ClCompile Include="primitives\cert_key.cpp">
      <Filter>Source Files\primitives</Filter>
    </ClCompile>
    <ClCompile Include="primitives\ec_private.cpp">
      <Filter>Source Files\primitives</Filter>
    </ClCompile>
    <ClCompile Include="primitives\ec_public.cpp">
      <Filter>Source Files\primitives</Filter>
    </ClCompile>
    <ClCompile Include="primitives\encoding.cpp">
      <Filter>Source Files\primitives</Filter>
    </ClCompile>
    <ClCompile Include="primitives\endorsement.cpp">
      <Filter>Source Files\primitives</Filter>
    </ClCompile>
    <ClCompile Include="primitives\hashtype.cpp">
      <Filter>Source Files\primitives</Filter>
    </ClCompile>
    <ClCompile Include="primitives\hd_key.cpp">
      <Filter>Source Files\primitives</Filter>
    </ClCompile>
    <ClCompile Include="primitives\hd_priv.cpp">
      <Filter>Source Files\primitives</Filter>
    </ClCompile>
    <ClCompile Include="primitives\hd_pub.cpp">
      <Filter>Source Files\primitives</Filter>
    </ClCompile>
    <ClCompile Include="primitives\header.cpp">
      <Filter>Source Files\primitives</Filter>
    </ClCompile>
    <ClCompile Include="primitives\input.cpp">
      <Filter>Source Files\primitives</Filter>
    </ClCompile>
    <ClCompile Include="primitives\language.cpp">
      <Filter>Source Files\primitives</Filter>
    </ClCompile>
    <ClCompile Include="primitives\output.cpp">
      <Filter>Source Files\primitives</Filter>
    </ClCompile>
    <ClCompile Include="primitives\point.cpp">
      <Filter>Source Files\primitives</Filter>
    </ClCompile>
    <ClCompile Include="primitives\raw.cpp">
      <Filter>Source Files\primitives</Filter>
    </ClCompile>
    <ClCompile Include="primitives\script.cpp">
      <Filter>Source Files\primitives</Filter>
    </ClCompile>
    <ClCompile Include="primitives\signature.cpp">
      <Filter>Source Files\primitives</Filter>
    </ClCompile>
    <ClCompile Include="primitives\stealth.cpp">
      <Filter>Source Files\primitives</Filter>
    </ClCompile>
    <ClCompile Include="primitives\transaction.cpp">
      <Filter>Source Files\primitives</Filter>
    </ClCompile>
    <ClCompile Include="primitives\uri.cpp">
      <Filter>Source Files\primitives</Filter>
    </ClCompile>
    <ClCompile Include="primitives\wif.cpp">
      <Filter>Source Files\primitives</Filter>
    </ClCompile>
    <ClCompile Include="primitives\wrapper.cpp">
      <Filter>Source Files\primitives</Filter>
    </ClCompile>
    <ClCompile Include="utility.cpp">
      <Filter>Source Files</Filter>
    </ClCompile>
    <ClCompile Include="commands\validate-tx.cpp">
      <Filter>Source Files\commands</Filter>
    </ClCompile>
    <ClCompile Include="commands\address-decode.cpp">
      <Filter>Source Files\commands</Filter>
    </ClCompile>
    <ClCompile Include="commands\address-embed.cpp">
      <Filter>Source Files\commands</Filter>
    </ClCompile>
    <ClCompile Include="commands\address-encode.cpp">
      <Filter>Source Files\commands</Filter>
    </ClCompile>
    <ClCompile Include="commands\address-validate.cpp">
      <Filter>Source Files\commands</Filter>
    </ClCompile>
    <ClCompile Include="commands\base16-decode.cpp">
      <Filter>Source Files\commands</Filter>
    </ClCompile>
    <ClCompile Include="commands\base16-encode.cpp">
      <Filter>Source Files\commands</Filter>
    </ClCompile>
    <ClCompile Include="commands\base58check-decode.cpp">
      <Filter>Source Files\commands</Filter>
    </ClCompile>
    <ClCompile Include="commands\base58check-encode.cpp">
      <Filter>Source Files\commands</Filter>
    </ClCompile>
    <ClCompile Include="commands\base58-decode.cpp">
      <Filter>Source Files\commands</Filter>
    </ClCompile>
    <ClCompile Include="commands\base58-encode.cpp">
      <Filter>Source Files\commands</Filter>
    </ClCompile>
    <ClCompile Include="commands\base64-decode.cpp">
      <Filter>Source Files\commands</Filter>
    </ClCompile>
    <ClCompile Include="commands\base64-encode.cpp">
      <Filter>Source Files\commands</Filter>
    </ClCompile>
    <ClCompile Include="commands\bci-fetch-last-height.cpp">
      <Filter>Source Files\commands</Filter>
    </ClCompile>
    <ClCompile Include="commands\bci-history.cpp">
      <Filter>Source Files\commands</Filter>
    </ClCompile>
    <ClCompile Include="commands\bitcoin160.cpp">
      <Filter>Source Files\commands</Filter>
    </ClCompile>
    <ClCompile Include="commands\bitcoin256.cpp">
      <Filter>Source Files\commands</Filter>
    </ClCompile>
    <ClCompile Include="commands\blke-fetch-transaction.cpp">
      <Filter>Source Files\commands</Filter>
    </ClCompile>
    <ClCompile Include="commands\btc-to-satoshi.cpp">
      <Filter>Source Files\commands</Filter>
    </ClCompile>
    <ClCompile Include="commands\cert-new.cpp">
      <Filter>Source Files\commands</Filter>
    </ClCompile>
    <ClCompile Include="commands\cert-public.cpp">
      <Filter>Source Files\commands</Filter>
    </ClCompile>
    <ClCompile Include="commands\ec-add.cpp">
      <Filter>Source Files\commands</Filter>
    </ClCompile>
    <ClCompile Include="commands\ec-add-secrets.cpp">
      <Filter>Source Files\commands</Filter>
    </ClCompile>
    <ClCompile Include="commands\ec-lock.cpp">
      <Filter>Source Files\commands</Filter>
    </ClCompile>
    <ClCompile Include="commands\ec-multiply.cpp">
      <Filter>Source Files\commands</Filter>
    </ClCompile>
    <ClCompile Include="commands\ec-multiply-secrets.cpp">
      <Filter>Source Files\commands</Filter>
    </ClCompile>
    <ClCompile Include="commands\ec-new.cpp">
      <Filter>Source Files\commands</Filter>
    </ClCompile>
    <ClCompile Include="commands\ec-to-address.cpp">
      <Filter>Source Files\commands</Filter>
    </ClCompile>
    <ClCompile Include="commands\ec-to-public.cpp">
      <Filter>Source Files\commands</Filter>
    </ClCompile>
    <ClCompile Include="commands\ec-to-wif.cpp">
      <Filter>Source Files\commands</Filter>
    </ClCompile>
    <ClCompile Include="commands\ec-unlock.cpp">
      <Filter>Source Files\commands</Filter>
    </ClCompile>
    <ClCompile Include="commands\fetch-balance.cpp">
      <Filter>Source Files\commands</Filter>
    </ClCompile>
    <ClCompile Include="commands\fetch-header.cpp">
      <Filter>Source Files\commands</Filter>
    </ClCompile>
    <ClCompile Include="commands\fetch-height.cpp">
      <Filter>Source Files\commands</Filter>
    </ClCompile>
    <ClCompile Include="commands\fetch-history.cpp">
      <Filter>Source Files\commands</Filter>
    </ClCompile>
    <ClCompile Include="commands\fetch-public-key.cpp">
      <Filter>Source Files\commands</Filter>
    </ClCompile>
    <ClCompile Include="commands\fetch-stealth.cpp">
      <Filter>Source Files\commands</Filter>
    </ClCompile>
    <ClCompile Include="commands\fetch-tx.cpp">
      <Filter>Source Files\commands</Filter>
    </ClCompile>
    <ClCompile Include="commands\fetch-tx-index.cpp">
      <Filter>Source Files\commands</Filter>
    </ClCompile>
    <ClCompile Include="commands\fetch-utxo.cpp">
      <Filter>Source Files\commands</Filter>
    </ClCompile>
    <ClCompile Include="commands\genaddr.cpp">
      <Filter>Source Files\commands</Filter>
    </ClCompile>
    <ClCompile Include="commands\genpriv.cpp">
      <Filter>Source Files\commands</Filter>
    </ClCompile>
    <ClCompile Include="commands\genpub.cpp">
      <Filter>Source Files\commands</Filter>
    </ClCompile>
    <ClCompile Include="commands\hd-new.cpp">
      <Filter>Source Files\commands</Filter>
    </ClCompile>
    <ClCompile Include="commands\hd-private.cpp">
      <Filter>Source Files\commands</Filter>
    </ClCompile>
    <ClCompile Include="commands\hd-public.cpp">
      <Filter>Source Files\commands</Filter>
    </ClCompile>
    <ClCompile Include="commands\hd-to-address.cpp">
      <Filter>Source Files\commands</Filter>
    </ClCompile>
    <ClCompile Include="commands\hd-to-ec.cpp">
      <Filter>Source Files\commands</Filter>
    </ClCompile>
    <ClCompile Include="commands\hd-to-public.cpp">
      <Filter>Source Files\commands</Filter>
    </ClCompile>
    <ClCompile Include="commands\hd-to-wif.cpp">
      <Filter>Source Files\commands</Filter>
    </ClCompile>
    <ClCompile Include="commands\help.cpp">
      <Filter>Source Files\commands</Filter>
    </ClCompile>
    <ClCompile Include="commands\initchain.cpp">
      <Filter>Source Files\commands</Filter>
    </ClCompile>
    <ClCompile Include="commands\input-set.cpp">
      <Filter>Source Files\commands</Filter>
    </ClCompile>
    <ClCompile Include="commands\input-sign.cpp">
      <Filter>Source Files\commands</Filter>
    </ClCompile>
    <ClCompile Include="commands\input-validate.cpp">
      <Filter>Source Files\commands</Filter>
    </ClCompile>
    <ClCompile Include="commands\message-sign.cpp">
      <Filter>Source Files\commands</Filter>
    </ClCompile>
    <ClCompile Include="commands\message-validate.cpp">
      <Filter>Source Files\commands</Filter>
    </ClCompile>
    <ClCompile Include="commands\mnemonic-decode.cpp">
      <Filter>Source Files\commands</Filter>
    </ClCompile>
    <ClCompile Include="commands\mnemonic-encode.cpp">
      <Filter>Source Files\commands</Filter>
    </ClCompile>
    <ClCompile Include="commands\mnemonic-new.cpp">
      <Filter>Source Files\commands</Filter>
    </ClCompile>
    <ClCompile Include="commands\mnemonic-to-seed.cpp">
      <Filter>Source Files\commands</Filter>
    </ClCompile>
    <ClCompile Include="commands\mpk.cpp">
      <Filter>Source Files\commands</Filter>
    </ClCompile>
    <ClCompile Include="commands\newseed.cpp">
      <Filter>Source Files\commands</Filter>
    </ClCompile>
    <ClCompile Include="commands\qrcode.cpp">
      <Filter>Source Files\commands</Filter>
    </ClCompile>
    <ClCompile Include="commands\ripemd160.cpp">
      <Filter>Source Files\commands</Filter>
    </ClCompile>
    <ClCompile Include="commands\satoshi-to-btc.cpp">
      <Filter>Source Files\commands</Filter>
    </ClCompile>
    <ClCompile Include="commands\script-decode.cpp">
      <Filter>Source Files\commands</Filter>
    </ClCompile>
    <ClCompile Include="commands\script-encode.cpp">
      <Filter>Source Files\commands</Filter>
    </ClCompile>
    <ClCompile Include="commands\script-to-address.cpp">
      <Filter>Source Files\commands</Filter>
    </ClCompile>
    <ClCompile Include="commands\seed.cpp">
      <Filter>Source Files\commands</Filter>
    </ClCompile>
    <ClCompile Include="commands\send-tx.cpp">
      <Filter>Source Files\commands</Filter>
    </ClCompile>
    <ClCompile Include="commands\sendtx-bci.cpp">
      <Filter>Source Files\commands</Filter>
    </ClCompile>
    <ClCompile Include="commands\send-tx-node.cpp">
      <Filter>Source Files\commands</Filter>
    </ClCompile>
    <ClCompile Include="commands\send-tx-p2p.cpp">
      <Filter>Source Files\commands</Filter>
    </ClCompile>
    <ClCompile Include="commands\settings.cpp">
      <Filter>Source Files\commands</Filter>
    </ClCompile>
    <ClCompile Include="commands\sha160.cpp">
      <Filter>Source Files\commands</Filter>
    </ClCompile>
    <ClCompile Include="commands\sha256.cpp">
      <Filter>Source Files\commands</Filter>
    </ClCompile>
    <ClCompile Include="commands\sha512.cpp">
      <Filter>Source Files\commands</Filter>
    </ClCompile>
    <ClCompile Include="commands\showblkhead.cpp">
      <Filter>Source Files\commands</Filter>
    </ClCompile>
    <ClCompile Include="commands\stealth-decode.cpp">
      <Filter>Source Files\commands</Filter>
    </ClCompile>
    <ClCompile Include="commands\stealth-encode.cpp">
      <Filter>Source Files\commands</Filter>
    </ClCompile>
    <ClCompile Include="commands\stealth-initiate.cpp">
      <Filter>Source Files\commands</Filter>
    </ClCompile>
    <ClCompile Include="commands\stealth-newkey.cpp">
      <Filter>Source Files\commands</Filter>
    </ClCompile>
    <ClCompile Include="commands\stealth-public.cpp">
      <Filter>Source Files\commands</Filter>
    </ClCompile>
    <ClCompile Include="commands\stealth-secret.cpp">
      <Filter>Source Files\commands</Filter>
    </ClCompile>
    <ClCompile Include="commands\stealth-shared.cpp">
      <Filter>Source Files\commands</Filter>
    </ClCompile>
    <ClCompile Include="commands\tx-decode.cpp">
      <Filter>Source Files\commands</Filter>
    </ClCompile>
    <ClCompile Include="commands\tx-encode.cpp">
      <Filter>Source Files\commands</Filter>
    </ClCompile>
    <ClCompile Include="commands\tx-sign.cpp">
      <Filter>Source Files\commands</Filter>
    </ClCompile>
    <ClCompile Include="commands\uri-decode.cpp">
      <Filter>Source Files\commands</Filter>
    </ClCompile>
    <ClCompile Include="commands\uri-encode.cpp">
      <Filter>Source Files\commands</Filter>
    </ClCompile>
    <ClCompile Include="commands\wallet.cpp">
      <Filter>Source Files\commands</Filter>
    </ClCompile>
    <ClCompile Include="commands\watch-address.cpp">
      <Filter>Source Files\commands</Filter>
    </ClCompile>
    <ClCompile Include="commands\watch-tx.cpp">
      <Filter>Source Files\commands</Filter>
    </ClCompile>
    <ClCompile Include="commands\wif-to-ec.cpp">
      <Filter>Source Files\commands</Filter>
    </ClCompile>
    <ClCompile Include="commands\wif-to-public.cpp">
      <Filter>Source Files\commands</Filter>
    </ClCompile>
    <ClCompile Include="commands\wrap-decode.cpp">
      <Filter>Source Files\commands</Filter>
    </ClCompile>
    <ClCompile Include="commands\wrap-encode.cpp">
      <Filter>Source Files\commands</Filter>
    </ClCompile>
    <ClCompile Include="prop_tree.cpp">
      <Filter>Source Files</Filter>
    </ClCompile>
    <ClCompile Include="obelisk_client.cpp">
      <Filter>Source Files</Filter>
    </ClCompile>
    <ClCompile Include="..\client\obelisk\obelisk_router.cpp">
      <Filter>Source Files\client\obelisk</Filter>
    </ClCompile>
    <ClCompile Include="async_client.cpp">
      <Filter>Source Files</Filter>
    </ClCompile>
    <ClCompile Include="callback_state.cpp">
      <Filter>Source Files</Filter>
    </ClCompile>
    <ClCompile Include="..\client\obelisk\obelisk_codec.cpp">
      <Filter>Source Files\client\obelisk</Filter>
    </ClCompile>
    <ClCompile Include="..\client\socket_stream.cpp">
      <Filter>Source Files\client</Filter>
    </ClCompile>
  </ItemGroup>
  <ItemGroup>
    <ClInclude Include="..\include\groestlcoin\explorer\commands\address-decode.hpp">
      <Filter>Header Files\explorer\commands</Filter>
    </ClInclude>
    <ClInclude Include="..\include\groestlcoin\explorer\commands\address-embed.hpp">
      <Filter>Header Files\explorer\commands</Filter>
    </ClInclude>
    <ClInclude Include="..\include\groestlcoin\explorer\commands\address-encode.hpp">
      <Filter>Header Files\explorer\commands</Filter>
    </ClInclude>
    <ClInclude Include="..\include\groestlcoin\explorer\commands\address-validate.hpp">
      <Filter>Header Files\explorer\commands</Filter>
    </ClInclude>
    <ClInclude Include="..\include\groestlcoin\explorer\commands\base16-decode.hpp">
      <Filter>Header Files\explorer\commands</Filter>
    </ClInclude>
    <ClInclude Include="..\include\groestlcoin\explorer\commands\base16-encode.hpp">
      <Filter>Header Files\explorer\commands</Filter>
    </ClInclude>
    <ClInclude Include="..\include\groestlcoin\explorer\commands\base58check-decode.hpp">
      <Filter>Header Files\explorer\commands</Filter>
    </ClInclude>
    <ClInclude Include="..\include\groestlcoin\explorer\commands\base58check-encode.hpp">
      <Filter>Header Files\explorer\commands</Filter>
    </ClInclude>
    <ClInclude Include="..\include\groestlcoin\explorer\commands\base58-decode.hpp">
      <Filter>Header Files\explorer\commands</Filter>
    </ClInclude>
    <ClInclude Include="..\include\groestlcoin\explorer\commands\base58-encode.hpp">
      <Filter>Header Files\explorer\commands</Filter>
    </ClInclude>
    <ClInclude Include="..\include\groestlcoin\explorer\commands\base64-decode.hpp">
      <Filter>Header Files\explorer\commands</Filter>
    </ClInclude>
    <ClInclude Include="..\include\groestlcoin\explorer\commands\base64-encode.hpp">
      <Filter>Header Files\explorer\commands</Filter>
    </ClInclude>
    <ClInclude Include="..\include\groestlcoin\explorer\commands\bci-fetch-last-height.hpp">
      <Filter>Header Files\explorer\commands</Filter>
    </ClInclude>
    <ClInclude Include="..\include\groestlcoin\explorer\commands\bci-history.hpp">
      <Filter>Header Files\explorer\commands</Filter>
    </ClInclude>
    <ClInclude Include="..\include\groestlcoin\explorer\commands\bitcoin160.hpp">
      <Filter>Header Files\explorer\commands</Filter>
    </ClInclude>
    <ClInclude Include="..\include\groestlcoin\explorer\commands\bitcoin256.hpp">
      <Filter>Header Files\explorer\commands</Filter>
    </ClInclude>
    <ClInclude Include="..\include\groestlcoin\explorer\commands\blke-fetch-transaction.hpp">
      <Filter>Header Files\explorer\commands</Filter>
    </ClInclude>
    <ClInclude Include="..\include\groestlcoin\explorer\commands\btc-to-satoshi.hpp">
      <Filter>Header Files\explorer\commands</Filter>
    </ClInclude>
    <ClInclude Include="..\include\groestlcoin\explorer\commands\cert-new.hpp">
      <Filter>Header Files\explorer\commands</Filter>
    </ClInclude>
    <ClInclude Include="..\include\groestlcoin\explorer\commands\cert-public.hpp">
      <Filter>Header Files\explorer\commands</Filter>
    </ClInclude>
    <ClInclude Include="..\include\groestlcoin\explorer\commands\ec-add.hpp">
      <Filter>Header Files\explorer\commands</Filter>
    </ClInclude>
    <ClInclude Include="..\include\groestlcoin\explorer\commands\ec-add-secrets.hpp">
      <Filter>Header Files\explorer\commands</Filter>
    </ClInclude>
    <ClInclude Include="..\include\groestlcoin\explorer\commands\ec-lock.hpp">
      <Filter>Header Files\explorer\commands</Filter>
    </ClInclude>
    <ClInclude Include="..\include\groestlcoin\explorer\commands\ec-multiply.hpp">
      <Filter>Header Files\explorer\commands</Filter>
    </ClInclude>
    <ClInclude Include="..\include\groestlcoin\explorer\commands\ec-multiply-secrets.hpp">
      <Filter>Header Files\explorer\commands</Filter>
    </ClInclude>
    <ClInclude Include="..\include\groestlcoin\explorer\commands\ec-new.hpp">
      <Filter>Header Files\explorer\commands</Filter>
    </ClInclude>
    <ClInclude Include="..\include\groestlcoin\explorer\commands\ec-to-address.hpp">
      <Filter>Header Files\explorer\commands</Filter>
    </ClInclude>
    <ClInclude Include="..\include\groestlcoin\explorer\commands\ec-to-public.hpp">
      <Filter>Header Files\explorer\commands</Filter>
    </ClInclude>
    <ClInclude Include="..\include\groestlcoin\explorer\commands\ec-to-wif.hpp">
      <Filter>Header Files\explorer\commands</Filter>
    </ClInclude>
    <ClInclude Include="..\include\groestlcoin\explorer\commands\ec-unlock.hpp">
      <Filter>Header Files\explorer\commands</Filter>
    </ClInclude>
    <ClInclude Include="..\include\groestlcoin\explorer\commands\fetch-balance.hpp">
      <Filter>Header Files\explorer\commands</Filter>
    </ClInclude>
    <ClInclude Include="..\include\groestlcoin\explorer\commands\fetch-header.hpp">
      <Filter>Header Files\explorer\commands</Filter>
    </ClInclude>
    <ClInclude Include="..\include\groestlcoin\explorer\commands\fetch-height.hpp">
      <Filter>Header Files\explorer\commands</Filter>
    </ClInclude>
    <ClInclude Include="..\include\groestlcoin\explorer\commands\fetch-history.hpp">
      <Filter>Header Files\explorer\commands</Filter>
    </ClInclude>
    <ClInclude Include="..\include\groestlcoin\explorer\commands\fetch-public-key.hpp">
      <Filter>Header Files\explorer\commands</Filter>
    </ClInclude>
    <ClInclude Include="..\include\groestlcoin\explorer\commands\fetch-stealth.hpp">
      <Filter>Header Files\explorer\commands</Filter>
    </ClInclude>
    <ClInclude Include="..\include\groestlcoin\explorer\commands\fetch-tx.hpp">
      <Filter>Header Files\explorer\commands</Filter>
    </ClInclude>
    <ClInclude Include="..\include\groestlcoin\explorer\commands\fetch-tx-index.hpp">
      <Filter>Header Files\explorer\commands</Filter>
    </ClInclude>
    <ClInclude Include="..\include\groestlcoin\explorer\commands\fetch-utxo.hpp">
      <Filter>Header Files\explorer\commands</Filter>
    </ClInclude>
    <ClInclude Include="..\include\groestlcoin\explorer\commands\genaddr.hpp">
      <Filter>Header Files\explorer\commands</Filter>
    </ClInclude>
    <ClInclude Include="..\include\groestlcoin\explorer\commands\genpriv.hpp">
      <Filter>Header Files\explorer\commands</Filter>
    </ClInclude>
    <ClInclude Include="..\include\groestlcoin\explorer\commands\genpub.hpp">
      <Filter>Header Files\explorer\commands</Filter>
    </ClInclude>
    <ClInclude Include="..\include\groestlcoin\explorer\commands\hd-new.hpp">
      <Filter>Header Files\explorer\commands</Filter>
    </ClInclude>
    <ClInclude Include="..\include\groestlcoin\explorer\commands\hd-private.hpp">
      <Filter>Header Files\explorer\commands</Filter>
    </ClInclude>
    <ClInclude Include="..\include\groestlcoin\explorer\commands\hd-public.hpp">
      <Filter>Header Files\explorer\commands</Filter>
    </ClInclude>
    <ClInclude Include="..\include\groestlcoin\explorer\commands\hd-to-address.hpp">
      <Filter>Header Files\explorer\commands</Filter>
    </ClInclude>
    <ClInclude Include="..\include\groestlcoin\explorer\commands\hd-to-ec.hpp">
      <Filter>Header Files\explorer\commands</Filter>
    </ClInclude>
    <ClInclude Include="..\include\groestlcoin\explorer\commands\hd-to-public.hpp">
      <Filter>Header Files\explorer\commands</Filter>
    </ClInclude>
    <ClInclude Include="..\include\groestlcoin\explorer\commands\hd-to-wif.hpp">
      <Filter>Header Files\explorer\commands</Filter>
    </ClInclude>
    <ClInclude Include="..\include\groestlcoin\explorer\commands\help.hpp">
      <Filter>Header Files\explorer\commands</Filter>
    </ClInclude>
    <ClInclude Include="..\include\groestlcoin\explorer\commands\initchain.hpp">
      <Filter>Header Files\explorer\commands</Filter>
    </ClInclude>
    <ClInclude Include="..\include\groestlcoin\explorer\commands\input-set.hpp">
      <Filter>Header Files\explorer\commands</Filter>
    </ClInclude>
    <ClInclude Include="..\include\groestlcoin\explorer\commands\input-sign.hpp">
      <Filter>Header Files\explorer\commands</Filter>
    </ClInclude>
    <ClInclude Include="..\include\groestlcoin\explorer\commands\input-validate.hpp">
      <Filter>Header Files\explorer\commands</Filter>
    </ClInclude>
    <ClInclude Include="..\include\groestlcoin\explorer\commands\message-sign.hpp">
      <Filter>Header Files\explorer\commands</Filter>
    </ClInclude>
    <ClInclude Include="..\include\groestlcoin\explorer\commands\message-validate.hpp">
      <Filter>Header Files\explorer\commands</Filter>
    </ClInclude>
    <ClInclude Include="..\include\groestlcoin\explorer\commands\mnemonic-decode.hpp">
      <Filter>Header Files\explorer\commands</Filter>
    </ClInclude>
    <ClInclude Include="..\include\groestlcoin\explorer\commands\mnemonic-encode.hpp">
      <Filter>Header Files\explorer\commands</Filter>
    </ClInclude>
    <ClInclude Include="..\include\groestlcoin\explorer\commands\mnemonic-new.hpp">
      <Filter>Header Files\explorer\commands</Filter>
    </ClInclude>
    <ClInclude Include="..\include\groestlcoin\explorer\commands\mnemonic-to-seed.hpp">
      <Filter>Header Files\explorer\commands</Filter>
    </ClInclude>
    <ClInclude Include="..\include\groestlcoin\explorer\commands\mpk.hpp">
      <Filter>Header Files\explorer\commands</Filter>
    </ClInclude>
    <ClInclude Include="..\include\groestlcoin\explorer\commands\newseed.hpp">
      <Filter>Header Files\explorer\commands</Filter>
    </ClInclude>
    <ClInclude Include="..\include\groestlcoin\explorer\commands\qrcode.hpp">
      <Filter>Header Files\explorer\commands</Filter>
    </ClInclude>
    <ClInclude Include="..\include\groestlcoin\explorer\commands\ripemd160.hpp">
      <Filter>Header Files\explorer\commands</Filter>
    </ClInclude>
    <ClInclude Include="..\include\groestlcoin\explorer\commands\satoshi-to-btc.hpp">
      <Filter>Header Files\explorer\commands</Filter>
    </ClInclude>
    <ClInclude Include="..\include\groestlcoin\explorer\commands\script-decode.hpp">
      <Filter>Header Files\explorer\commands</Filter>
    </ClInclude>
    <ClInclude Include="..\include\groestlcoin\explorer\commands\script-encode.hpp">
      <Filter>Header Files\explorer\commands</Filter>
    </ClInclude>
    <ClInclude Include="..\include\groestlcoin\explorer\commands\script-to-address.hpp">
      <Filter>Header Files\explorer\commands</Filter>
    </ClInclude>
    <ClInclude Include="..\include\groestlcoin\explorer\commands\seed.hpp">
      <Filter>Header Files\explorer\commands</Filter>
    </ClInclude>
    <ClInclude Include="..\include\groestlcoin\explorer\commands\send-tx.hpp">
      <Filter>Header Files\explorer\commands</Filter>
    </ClInclude>
    <ClInclude Include="..\include\groestlcoin\explorer\commands\sendtx-bci.hpp">
      <Filter>Header Files\explorer\commands</Filter>
    </ClInclude>
    <ClInclude Include="..\include\groestlcoin\explorer\commands\send-tx-node.hpp">
      <Filter>Header Files\explorer\commands</Filter>
    </ClInclude>
    <ClInclude Include="..\include\groestlcoin\explorer\commands\send-tx-p2p.hpp">
      <Filter>Header Files\explorer\commands</Filter>
    </ClInclude>
    <ClInclude Include="..\include\groestlcoin\explorer\commands\settings.hpp">
      <Filter>Header Files\explorer\commands</Filter>
    </ClInclude>
    <ClInclude Include="..\include\groestlcoin\explorer\commands\sha160.hpp">
      <Filter>Header Files\explorer\commands</Filter>
    </ClInclude>
    <ClInclude Include="..\include\groestlcoin\explorer\commands\sha256.hpp">
      <Filter>Header Files\explorer\commands</Filter>
    </ClInclude>
    <ClInclude Include="..\include\groestlcoin\explorer\commands\sha512.hpp">
      <Filter>Header Files\explorer\commands</Filter>
    </ClInclude>
    <ClInclude Include="..\include\groestlcoin\explorer\commands\showblkhead.hpp">
      <Filter>Header Files\explorer\commands</Filter>
    </ClInclude>
    <ClInclude Include="..\include\groestlcoin\explorer\commands\stealth-decode.hpp">
      <Filter>Header Files\explorer\commands</Filter>
    </ClInclude>
    <ClInclude Include="..\include\groestlcoin\explorer\commands\stealth-encode.hpp">
      <Filter>Header Files\explorer\commands</Filter>
    </ClInclude>
    <ClInclude Include="..\include\groestlcoin\explorer\commands\stealth-initiate.hpp">
      <Filter>Header Files\explorer\commands</Filter>
    </ClInclude>
    <ClInclude Include="..\include\groestlcoin\explorer\commands\stealth-newkey.hpp">
      <Filter>Header Files\explorer\commands</Filter>
    </ClInclude>
    <ClInclude Include="..\include\groestlcoin\explorer\commands\stealth-public.hpp">
      <Filter>Header Files\explorer\commands</Filter>
    </ClInclude>
    <ClInclude Include="..\include\groestlcoin\explorer\commands\stealth-secret.hpp">
      <Filter>Header Files\explorer\commands</Filter>
    </ClInclude>
    <ClInclude Include="..\include\groestlcoin\explorer\commands\stealth-shared.hpp">
      <Filter>Header Files\explorer\commands</Filter>
    </ClInclude>
    <ClInclude Include="..\include\groestlcoin\explorer\commands\tx-decode.hpp">
      <Filter>Header Files\explorer\commands</Filter>
    </ClInclude>
    <ClInclude Include="..\include\groestlcoin\explorer\commands\tx-encode.hpp">
      <Filter>Header Files\explorer\commands</Filter>
    </ClInclude>
    <ClInclude Include="..\include\groestlcoin\explorer\commands\tx-sign.hpp">
      <Filter>Header Files\explorer\commands</Filter>
    </ClInclude>
    <ClInclude Include="..\include\groestlcoin\explorer\commands\uri-decode.hpp">
      <Filter>Header Files\explorer\commands</Filter>
    </ClInclude>
    <ClInclude Include="..\include\groestlcoin\explorer\commands\uri-encode.hpp">
      <Filter>Header Files\explorer\commands</Filter>
    </ClInclude>
    <ClInclude Include="..\include\groestlcoin\explorer\commands\validate-tx.hpp">
      <Filter>Header Files\explorer\commands</Filter>
    </ClInclude>
    <ClInclude Include="..\include\groestlcoin\explorer\commands\wallet.hpp">
      <Filter>Header Files\explorer\commands</Filter>
    </ClInclude>
    <ClInclude Include="..\include\groestlcoin\explorer\commands\watch-address.hpp">
      <Filter>Header Files\explorer\commands</Filter>
    </ClInclude>
    <ClInclude Include="..\include\groestlcoin\explorer\commands\watch-tx.hpp">
      <Filter>Header Files\explorer\commands</Filter>
    </ClInclude>
    <ClInclude Include="..\include\groestlcoin\explorer\commands\wif-to-ec.hpp">
      <Filter>Header Files\explorer\commands</Filter>
    </ClInclude>
    <ClInclude Include="..\include\groestlcoin\explorer\commands\wif-to-public.hpp">
      <Filter>Header Files\explorer\commands</Filter>
    </ClInclude>
    <ClInclude Include="..\include\groestlcoin\explorer\commands\wrap-decode.hpp">
      <Filter>Header Files\explorer\commands</Filter>
    </ClInclude>
    <ClInclude Include="..\include\groestlcoin\explorer\commands\wrap-encode.hpp">
      <Filter>Header Files\explorer\commands</Filter>
    </ClInclude>
    <ClInclude Include="bx-config.h">
      <Filter>Header Files</Filter>
    </ClInclude>
    <ClInclude Include="..\include\groestlcoin\client\define.hpp">
      <Filter>Header Files\client</Filter>
    </ClInclude>
    <ClInclude Include="..\include\groestlcoin\client\message_stream.hpp">
      <Filter>Header Files\client</Filter>
    </ClInclude>
    <ClInclude Include="..\include\groestlcoin\client\sleeper.hpp">
      <Filter>Header Files\client</Filter>
    </ClInclude>
    <ClInclude Include="..\include\groestlcoin\client\socket_stream.hpp">
      <Filter>Header Files\client</Filter>
    </ClInclude>
    <ClInclude Include="..\include\groestlcoin\client\version.hpp">
      <Filter>Header Files\client</Filter>
    </ClInclude>
    <ClInclude Include="..\include\groestlcoin\client\obelisk\obelisk_codec.hpp">
      <Filter>Header Files\client\obelisk</Filter>
    </ClInclude>
    <ClInclude Include="..\include\groestlcoin\client\obelisk\obelisk_router.hpp">
      <Filter>Header Files\client\obelisk</Filter>
    </ClInclude>
    <ClInclude Include="..\include\groestlcoin\client\obelisk\obelisk_types.hpp">
      <Filter>Header Files\client\obelisk</Filter>
    </ClInclude>
    <ClInclude Include="..\include\groestlcoin\explorer\primitives\address.hpp">
      <Filter>Header Files\explorer\primitives</Filter>
    </ClInclude>
    <ClInclude Include="..\include\groestlcoin\explorer\primitives\base2.hpp">
      <Filter>Header Files\explorer\primitives</Filter>
    </ClInclude>
    <ClInclude Include="..\include\groestlcoin\explorer\primitives\base16.hpp">
      <Filter>Header Files\explorer\primitives</Filter>
    </ClInclude>
    <ClInclude Include="..\include\groestlcoin\explorer\primitives\base58.hpp">
      <Filter>Header Files\explorer\primitives</Filter>
    </ClInclude>
    <ClInclude Include="..\include\groestlcoin\explorer\primitives\base64.hpp">
      <Filter>Header Files\explorer\primitives</Filter>
    </ClInclude>
    <ClInclude Include="..\include\groestlcoin\explorer\primitives\base85.hpp">
      <Filter>Header Files\explorer\primitives</Filter>
    </ClInclude>
    <ClInclude Include="..\include\groestlcoin\explorer\primitives\btc.hpp">
      <Filter>Header Files\explorer\primitives</Filter>
    </ClInclude>
    <ClInclude Include="..\include\groestlcoin\explorer\primitives\btc160.hpp">
      <Filter>Header Files\explorer\primitives</Filter>
    </ClInclude>
    <ClInclude Include="..\include\groestlcoin\explorer\primitives\btc256.hpp">
      <Filter>Header Files\explorer\primitives</Filter>
    </ClInclude>
    <ClInclude Include="..\include\groestlcoin\explorer\primitives\byte.hpp">
      <Filter>Header Files\explorer\primitives</Filter>
    </ClInclude>
    <ClInclude Include="..\include\groestlcoin\explorer\primitives\cert_key.hpp">
      <Filter>Header Files\explorer\primitives</Filter>
    </ClInclude>
    <ClInclude Include="..\include\groestlcoin\explorer\primitives\ec_private.hpp">
      <Filter>Header Files\explorer\primitives</Filter>
    </ClInclude>
    <ClInclude Include="..\include\groestlcoin\explorer\primitives\ec_public.hpp">
      <Filter>Header Files\explorer\primitives</Filter>
    </ClInclude>
    <ClInclude Include="..\include\groestlcoin\explorer\primitives\encoding.hpp">
      <Filter>Header Files\explorer\primitives</Filter>
    </ClInclude>
    <ClInclude Include="..\include\groestlcoin\explorer\primitives\endorsement.hpp">
      <Filter>Header Files\explorer\primitives</Filter>
    </ClInclude>
    <ClInclude Include="..\include\groestlcoin\explorer\primitives\hashtype.hpp">
      <Filter>Header Files\explorer\primitives</Filter>
    </ClInclude>
    <ClInclude Include="..\include\groestlcoin\explorer\primitives\hd_key.hpp">
      <Filter>Header Files\explorer\primitives</Filter>
    </ClInclude>
    <ClInclude Include="..\include\groestlcoin\explorer\primitives\hd_priv.hpp">
      <Filter>Header Files\explorer\primitives</Filter>
    </ClInclude>
    <ClInclude Include="..\include\groestlcoin\explorer\primitives\hd_pub.hpp">
      <Filter>Header Files\explorer\primitives</Filter>
    </ClInclude>
    <ClInclude Include="..\include\groestlcoin\explorer\primitives\header.hpp">
      <Filter>Header Files\explorer\primitives</Filter>
    </ClInclude>
    <ClInclude Include="..\include\groestlcoin\explorer\primitives\input.hpp">
      <Filter>Header Files\explorer\primitives</Filter>
    </ClInclude>
    <ClInclude Include="..\include\groestlcoin\explorer\primitives\language.hpp">
      <Filter>Header Files\explorer\primitives</Filter>
    </ClInclude>
    <ClInclude Include="..\include\groestlcoin\explorer\primitives\output.hpp">
      <Filter>Header Files\explorer\primitives</Filter>
    </ClInclude>
    <ClInclude Include="..\include\groestlcoin\explorer\primitives\point.hpp">
      <Filter>Header Files\explorer\primitives</Filter>
    </ClInclude>
    <ClInclude Include="..\include\groestlcoin\explorer\primitives\raw.hpp">
      <Filter>Header Files\explorer\primitives</Filter>
    </ClInclude>
    <ClInclude Include="..\include\groestlcoin\explorer\primitives\script.hpp">
      <Filter>Header Files\explorer\primitives</Filter>
    </ClInclude>
    <ClInclude Include="..\include\groestlcoin\explorer\primitives\signature.hpp">
      <Filter>Header Files\explorer\primitives</Filter>
    </ClInclude>
    <ClInclude Include="..\include\groestlcoin\explorer\primitives\stealth.hpp">
      <Filter>Header Files\explorer\primitives</Filter>
    </ClInclude>
    <ClInclude Include="..\include\groestlcoin\explorer\primitives\transaction.hpp">
      <Filter>Header Files\explorer\primitives</Filter>
    </ClInclude>
    <ClInclude Include="..\include\groestlcoin\explorer\primitives\uri.hpp">
      <Filter>Header Files\explorer\primitives</Filter>
    </ClInclude>
    <ClInclude Include="..\include\groestlcoin\explorer\primitives\wif.hpp">
      <Filter>Header Files\explorer\primitives</Filter>
    </ClInclude>
    <ClInclude Include="..\include\groestlcoin\explorer\primitives\wrapper.hpp">
      <Filter>Header Files\explorer\primitives</Filter>
    </ClInclude>
    <ClInclude Include="..\include\groestlcoin\explorer\async_client.hpp">
      <Filter>Header Files\explorer</Filter>
    </ClInclude>
    <ClInclude Include="..\include\groestlcoin\explorer\callback_state.hpp">
      <Filter>Header Files\explorer</Filter>
    </ClInclude>
    <ClInclude Include="..\include\groestlcoin\explorer\command.hpp">
      <Filter>Header Files\explorer</Filter>
    </ClInclude>
    <ClInclude Include="..\include\groestlcoin\explorer\define.hpp">
      <Filter>Header Files\explorer</Filter>
    </ClInclude>
    <ClInclude Include="..\include\groestlcoin\explorer\dispatch.hpp">
      <Filter>Header Files\explorer</Filter>
    </ClInclude>
    <ClInclude Include="..\include\groestlcoin\explorer\display.hpp">
      <Filter>Header Files\explorer</Filter>
    </ClInclude>
    <ClInclude Include="..\include\groestlcoin\explorer\generated.hpp">
      <Filter>Header Files\explorer</Filter>
    </ClInclude>
    <ClInclude Include="..\include\groestlcoin\explorer\obelisk_client.hpp">
      <Filter>Header Files\explorer</Filter>
    </ClInclude>
    <ClInclude Include="..\include\groestlcoin\explorer\prop_tree.hpp">
      <Filter>Header Files\explorer</Filter>
    </ClInclude>
    <ClInclude Include="..\include\groestlcoin\explorer\utility.hpp">
      <Filter>Header Files\explorer</Filter>
    </ClInclude>
    <ClInclude Include="..\include\groestlcoin\explorer\version.hpp">
      <Filter>Header Files\explorer</Filter>
    </ClInclude>
  </ItemGroup>
  <ItemGroup>
    <None Include="..\include\groestlcoin\client\random_number_generator.hpp.bak">
      <Filter>Header Files\client</Filter>
    </None>
    <None Include="..\include\groestlcoin\client\request_stream.hpp.bak">
      <Filter>Header Files\client</Filter>
    </None>
    <None Include="..\include\groestlcoin\client\response_stream.hpp.bak">
      <Filter>Header Files\client</Filter>
    </None>
    <None Include="..\include\groestlcoin\client\server_codec.hpp.bak">
      <Filter>Header Files\client</Filter>
    </None>
    <None Include="..\include\groestlcoin\client\server_codec_impl.hpp.bak">
      <Filter>Header Files\client</Filter>
    </None>
    <None Include="..\include\groestlcoin\client\uniform_uint32_generator.hpp.bak">
      <Filter>Header Files\client</Filter>
    </None>
    <None Include="..\include\groestlcoin\explorer\impl\prop_tree.ipp">
      <Filter>Header Files\explorer\impl</Filter>
    </None>
    <None Include="..\include\groestlcoin\explorer\impl\utility.ipp">
      <Filter>Header Files\explorer\impl</Filter>
    </None>
  </ItemGroup>
</Project>